{
  "originHash" : "b24c717b6131e308e61a2f62238ae38fb6e3e6ff8ca22d4bdc46534000147841",
  "pins" : [
    {
      "identity" : "capstone-swift",
      "kind" : "remoteSourceControl",
      "location" : "https://github.com/EmergeTools/capstone-swift.git",
      "state" : {
        "branch" : "v5-static",
        "revision" : "fa4c6a0956526460283d3ca663753b7d92676fef"
      }
    },
    {
      "identity" : "cwlcatchexception",
      "kind" : "remoteSourceControl",
      "location" : "https://github.com/mattgallagher/CwlCatchException.git",
      "state" : {
        "revision" : "07b2ba21d361c223e25e3c1e924288742923f08c",
        "version" : "2.2.1"
      }
    },
    {
      "identity" : "cwldemangle",
      "kind" : "remoteSourceControl",
      "location" : "https://github.com/noahsmartin/CwlDemangle",
      "state" : {
        "branch" : "master",
        "revision" : "9dd5132d15be5dc05fb1d50c14b710b095680efa"
      }
    },
    {
      "identity" : "cwlpreconditiontesting",
      "kind" : "remoteSourceControl",
      "location" : "https://github.com/mattgallagher/CwlPreconditionTesting.git",
      "state" : {
        "revision" : "0139c665ebb45e6a9fbdb68aabfd7c39f3fe0071",
        "version" : "2.2.2"
      }
    },
    {
      "identity" : "nimble",
      "kind" : "remoteSourceControl",
      "location" : "https://github.com/Quick/Nimble.git",
      "state" : {
        "revision" : "edaedc1ec86f14ac6e2ca495b94f0ff7150d98d0",
        "version" : "12.3.0"
      }
    },
    {
      "identity" : "quick",
      "kind" : "remoteSourceControl",
      "location" : "https://github.com/Quick/Quick.git",
      "state" : {
        "revision" : "26529ff2209c40ae50fd642b031f930d9d68ea02",
        "version" : "7.5.0"
      }
    },
    {
      "identity" : "swift-argument-parser",
      "kind" : "remoteSourceControl",
      "location" : "https://github.com/apple/swift-argument-parser",
      "state" : {
        "revision" : "6b2aa2748a7881eebb9f84fb10c01293e15b52ca",
        "version" : "0.5.0"
      }
    },
    {
      "identity" : "swift-log",
      "kind" : "remoteSourceControl",
      "location" : "https://github.com/apple/swift-log.git",
      "state" : {
        "revision" : "96a2f8a0fa41e9e09af4585e2724c4e825410b91",
        "version" : "1.6.2"
      }
    },
    {
      "identity" : "swifter",
      "kind" : "remoteSourceControl",
      "location" : "https://github.com/httpswift/Swifter.git",
      "state" : {
        "revision" : "9483a5d459b45c3ffd059f7b55f9638e268632fd",
        "version" : "1.5.0"
      }
    },
    {
      "identity" : "zip",
      "kind" : "remoteSourceControl",
      "location" : "https://github.com/EmergeTools/Zip.git",
      "state" : {
        "branch" : "master",
        "revision" : "278bfe96e071aaf69140e3f593572c9536be1620"
      }
    }
  ],
  "version" : 3
}
